
Microsoft Visual Studio Solution File, Format Version 12.00
# Visual Studio Version 17
VisualStudioVersion = 17.14.36301.6
MinimumVisualStudioVersion = 10.0.40219.1
Project("{FAE04EC0-301F-11D3-BF4B-00C04F79EFBC}") = "Apresentacao", "Apresentacao.csproj", "{4DEB2503-094C-438C-85CC-1459D420250C}"
EndProject
Project("{FAE04EC0-301F-11D3-BF4B-00C04F79EFBC}") = "Dominio", "..\Dominio\Dominio.csproj", "{D019A976-6BD3-4ED0-B2E8-CA99FFEE73A7}"
EndProject
Project("{FAE04EC0-301F-11D3-BF4B-00C04F79EFBC}") = "InfraData", "..\InfraData\InfraData.csproj", "{908EE8C1-B978-4878-B529-F2FD497D0C1A}"
EndProject
Global
	GlobalSection(SolutionConfigurationPlatforms) = preSolution
		Debug|Any CPU = Debug|Any CPU
		Release|Any CPU = Release|Any CPU
	EndGlobalSection
	GlobalSection(ProjectConfigurationPlatforms) = postSolution
		{4DEB2503-094C-438C-85CC-1459D420250C}.Debug|Any CPU.ActiveCfg = Debug|Any CPU
		{4DEB2503-094C-438C-85CC-1459D420250C}.Debug|Any CPU.Build.0 = Debug|Any CPU
		{4DEB2503-094C-438C-85CC-1459D420250C}.Release|Any CPU.ActiveCfg = Release|Any CPU
		{4DEB2503-094C-438C-85CC-1459D420250C}.Release|Any CPU.Build.0 = Release|Any CPU
		{D019A976-6BD3-4ED0-B2E8-CA99FFEE73A7}.Debug|Any CPU.ActiveCfg = Debug|Any CPU
		{D019A976-6BD3-4ED0-B2E8-CA99FFEE73A7}.Debug|Any CPU.Build.0 = Debug|Any CPU
		{D019A976-6BD3-4ED0-B2E8-CA99FFEE73A7}.Release|Any CPU.ActiveCfg = Release|Any CPU
		{D019A976-6BD3-4ED0-B2E8-CA99FFEE73A7}.Release|Any CPU.Build.0 = Release|Any CPU
		{908EE8C1-B978-4878-B529-F2FD497D0C1A}.Debug|Any CPU.ActiveCfg = Debug|Any CPU
		{908EE8C1-B978-4878-B529-F2FD497D0C1A}.Debug|Any CPU.Build.0 = Debug|Any CPU
		{908EE8C1-B978-4878-B529-F2FD497D0C1A}.Release|Any CPU.ActiveCfg = Release|Any CPU
		{908EE8C1-B978-4878-B529-F2FD497D0C1A}.Release|Any CPU.Build.0 = Release|Any CPU
	EndGlobalSection
	GlobalSection(SolutionProperties) = preSolution
		HideSolutionNode = FALSE
	EndGlobalSection
	GlobalSection(ExtensibilityGlobals) = postSolution
		SolutionGuid = {28454682-8DFD-409B-B346-C54C3AF82E28}
	EndGlobalSection
EndGlobal
